
Microsoft Visual Studio Solution File, Format Version 12.00
# Visual Studio 15
VisualStudioVersion = 15.0.26228.12
MinimumVisualStudioVersion = 10.0.40219.1
Project("{F184B08F-C81C-45F6-A57F-5ABD9991F28F}") = "Assignment.UI", "Assignment.UI\Assignment.UI.vbproj", "{4F03F4A1-5C0E-4E63-A2BB-FAFA350E5913}"
EndProject
Project("{F184B08F-C81C-45F6-A57F-5ABD9991F28F}") = "Assignment.Business", "Assignment.Business\Assignment.Business.vbproj", "{9759FCEE-00A6-4B03-B374-8B63DB5A6146}"
EndProject
Project("{F184B08F-C81C-45F6-A57F-5ABD9991F28F}") = "Assignment.Data", "Assignment.Data\Assignment.Data.vbproj", "{72CC9457-FB93-43BB-8110-8848F718E99D}"
EndProject
Global
	GlobalSection(SolutionConfigurationPlatforms) = preSolution
		Debug|Any CPU = Debug|Any CPU
		Release|Any CPU = Release|Any CPU
	EndGlobalSection
	GlobalSection(ProjectConfigurationPlatforms) = postSolution
		{4F03F4A1-5C0E-4E63-A2BB-FAFA350E5913}.Debug|Any CPU.ActiveCfg = Debug|Any CPU
		{4F03F4A1-5C0E-4E63-A2BB-FAFA350E5913}.Debug|Any CPU.Build.0 = Debug|Any CPU
		{4F03F4A1-5C0E-4E63-A2BB-FAFA350E5913}.Release|Any CPU.ActiveCfg = Release|Any CPU
		{4F03F4A1-5C0E-4E63-A2BB-FAFA350E5913}.Release|Any CPU.Build.0 = Release|Any CPU
		{9759FCEE-00A6-4B03-B374-8B63DB5A6146}.Debug|Any CPU.ActiveCfg = Debug|Any CPU
		{9759FCEE-00A6-4B03-B374-8B63DB5A6146}.Debug|Any CPU.Build.0 = Debug|Any CPU
		{9759FCEE-00A6-4B03-B374-8B63DB5A6146}.Release|Any CPU.ActiveCfg = Release|Any CPU
		{9759FCEE-00A6-4B03-B374-8B63DB5A6146}.Release|Any CPU.Build.0 = Release|Any CPU
		{72CC9457-FB93-43BB-8110-8848F718E99D}.Debug|Any CPU.ActiveCfg = Debug|Any CPU
		{72CC9457-FB93-43BB-8110-8848F718E99D}.Debug|Any CPU.Build.0 = Debug|Any CPU
		{72CC9457-FB93-43BB-8110-8848F718E99D}.Release|Any CPU.ActiveCfg = Release|Any CPU
		{72CC9457-FB93-43BB-8110-8848F718E99D}.Release|Any CPU.Build.0 = Release|Any CPU
	EndGlobalSection
	GlobalSection(SolutionProperties) = preSolution
		HideSolutionNode = FALSE
	EndGlobalSection
EndGlobal
